
Microsoft Visual Studio Solution File, Format Version 12.00
# Visual Studio Version 17
VisualStudioVersion = 17.14.36121.58
MinimumVisualStudioVersion = 10.0.40219.1
Project("{FAE04EC0-301F-11D3-BF4B-00C04F79EFBC}") = "FlatFileGenerator.Web", "FlatFileGenerator.Web\FlatFileGenerator.Web.csproj", "{D02D0B00-F682-2797-FEB1-9972E68B752B}"
EndProject
Project("{FAE04EC0-301F-11D3-BF4B-00C04F79EFBC}") = "FlatFileGenerator.Core", "FlatFileGenerator.Core\FlatFileGenerator.Core.csproj", "{67D57DA4-3842-438D-A1AA-08899528282A}"
EndProject
Project("{FAE04EC0-301F-11D3-BF4B-00C04F79EFBC}") = "FlatFileGenerator.DataAccess", "FlatFileGenerator.DataAccess\FlatFileGenerator.DataAccess.csproj", "{F4700411-6F12-401C-8507-0361183B11E3}"
EndProject
Project("{FAE04EC0-301F-11D3-BF4B-00C04F79EFBC}") = "FlatFileGenerator.Test", "FlatFileGenerator.Test\FlatFileGenerator.Test.csproj", "{3C88DA1D-2096-4CC5-BF2B-35643BC32279}"
EndProject
Project("{FAE04EC0-301F-11D3-BF4B-00C04F79EFBC}") = "FlatFileGenerator.FileWriter", "FlatFileGenerator.FileWriter\FlatFileGenerator.FileWriter.csproj", "{C9BB1F55-999F-47F3-A07A-C2AF6D32CA08}"
EndProject
Global
	GlobalSection(SolutionConfigurationPlatforms) = preSolution
		Debug|Any CPU = Debug|Any CPU
		Release|Any CPU = Release|Any CPU
	EndGlobalSection
	GlobalSection(ProjectConfigurationPlatforms) = postSolution
		{D02D0B00-F682-2797-FEB1-9972E68B752B}.Debug|Any CPU.ActiveCfg = Debug|Any CPU
		{D02D0B00-F682-2797-FEB1-9972E68B752B}.Debug|Any CPU.Build.0 = Debug|Any CPU
		{D02D0B00-F682-2797-FEB1-9972E68B752B}.Release|Any CPU.ActiveCfg = Release|Any CPU
		{D02D0B00-F682-2797-FEB1-9972E68B752B}.Release|Any CPU.Build.0 = Release|Any CPU
		{67D57DA4-3842-438D-A1AA-08899528282A}.Debug|Any CPU.ActiveCfg = Debug|Any CPU
		{67D57DA4-3842-438D-A1AA-08899528282A}.Debug|Any CPU.Build.0 = Debug|Any CPU
		{67D57DA4-3842-438D-A1AA-08899528282A}.Release|Any CPU.ActiveCfg = Release|Any CPU
		{67D57DA4-3842-438D-A1AA-08899528282A}.Release|Any CPU.Build.0 = Release|Any CPU
		{F4700411-6F12-401C-8507-0361183B11E3}.Debug|Any CPU.ActiveCfg = Debug|Any CPU
		{F4700411-6F12-401C-8507-0361183B11E3}.Debug|Any CPU.Build.0 = Debug|Any CPU
		{F4700411-6F12-401C-8507-0361183B11E3}.Release|Any CPU.ActiveCfg = Release|Any CPU
		{F4700411-6F12-401C-8507-0361183B11E3}.Release|Any CPU.Build.0 = Release|Any CPU
		{3C88DA1D-2096-4CC5-BF2B-35643BC32279}.Debug|Any CPU.ActiveCfg = Debug|Any CPU
		{3C88DA1D-2096-4CC5-BF2B-35643BC32279}.Debug|Any CPU.Build.0 = Debug|Any CPU
		{3C88DA1D-2096-4CC5-BF2B-35643BC32279}.Release|Any CPU.ActiveCfg = Release|Any CPU
		{3C88DA1D-2096-4CC5-BF2B-35643BC32279}.Release|Any CPU.Build.0 = Release|Any CPU
		{C9BB1F55-999F-47F3-A07A-C2AF6D32CA08}.Debug|Any CPU.ActiveCfg = Debug|Any CPU
		{C9BB1F55-999F-47F3-A07A-C2AF6D32CA08}.Debug|Any CPU.Build.0 = Debug|Any CPU
		{C9BB1F55-999F-47F3-A07A-C2AF6D32CA08}.Release|Any CPU.ActiveCfg = Release|Any CPU
		{C9BB1F55-999F-47F3-A07A-C2AF6D32CA08}.Release|Any CPU.Build.0 = Release|Any CPU
	EndGlobalSection
	GlobalSection(SolutionProperties) = preSolution
		HideSolutionNode = FALSE
	EndGlobalSection
	GlobalSection(ExtensibilityGlobals) = postSolution
		SolutionGuid = {6B5E1150-8BAC-46A9-BC9C-AFE7A4761357}
	EndGlobalSection
EndGlobal
